
Microsoft Visual Studio Solution File, Format Version 12.00
# Visual Studio Version 16
VisualStudioVersion = 16.0.30804.86
MinimumVisualStudioVersion = 10.0.40219.1
Project("{9A19103F-16F7-4668-BE54-9A1E7A4F7556}") = "ApiTemplate.Api", "MoviesApi\ApiTemplate.Api.csproj", "{BD01C2D2-1A05-44CC-BA21-CE645EB8C53E}"
EndProject
Project("{9A19103F-16F7-4668-BE54-9A1E7A4F7556}") = "ApiTemplate.Service", "Ascend.Service\ApiTemplate.Service.csproj", "{27F4B7AD-4FCD-4CDC-97BA-335A41B1DC20}"
EndProject
Project("{9A19103F-16F7-4668-BE54-9A1E7A4F7556}") = "ApiTemplate.Repository", "Ascend.Repository\ApiTemplate.Repository.csproj", "{E4748727-ABA2-4D10-A557-A3D779840379}"
EndProject
Project("{9A19103F-16F7-4668-BE54-9A1E7A4F7556}") = "ApiTemplate.Model", "Ascend.Model\ApiTemplate.Model.csproj", "{EC1F3172-18D5-41A9-BC60-F91E251658E5}"
EndProject
Project("{9A19103F-16F7-4668-BE54-9A1E7A4F7556}") = "ApiTemplate.Interface", "Ascend.Interface\ApiTemplate.Interface.csproj", "{9787DE45-3E49-4064-9239-000D9F69A041}"
EndProject
Project("{2150E333-8FDC-42A3-9474-1A3956D46DE8}") = "Tests", "Tests", "{723D82F6-0123-4FB5-9A5D-CFC844BAE1F5}"
EndProject
Project("{FAE04EC0-301F-11D3-BF4B-00C04F79EFBC}") = "TestAscendApi", "TestAscendApi\TestAscendApi.csproj", "{39E00A15-9D6E-4AEA-BC2C-5F2EC996B272}"
EndProject
Global
	GlobalSection(SolutionConfigurationPlatforms) = preSolution
		Debug|Any CPU = Debug|Any CPU
		Release|Any CPU = Release|Any CPU
	EndGlobalSection
	GlobalSection(ProjectConfigurationPlatforms) = postSolution
		{BD01C2D2-1A05-44CC-BA21-CE645EB8C53E}.Debug|Any CPU.ActiveCfg = Debug|Any CPU
		{BD01C2D2-1A05-44CC-BA21-CE645EB8C53E}.Debug|Any CPU.Build.0 = Debug|Any CPU
		{BD01C2D2-1A05-44CC-BA21-CE645EB8C53E}.Release|Any CPU.ActiveCfg = Release|Any CPU
		{BD01C2D2-1A05-44CC-BA21-CE645EB8C53E}.Release|Any CPU.Build.0 = Release|Any CPU
		{27F4B7AD-4FCD-4CDC-97BA-335A41B1DC20}.Debug|Any CPU.ActiveCfg = Debug|Any CPU
		{27F4B7AD-4FCD-4CDC-97BA-335A41B1DC20}.Debug|Any CPU.Build.0 = Debug|Any CPU
		{27F4B7AD-4FCD-4CDC-97BA-335A41B1DC20}.Release|Any CPU.ActiveCfg = Release|Any CPU
		{27F4B7AD-4FCD-4CDC-97BA-335A41B1DC20}.Release|Any CPU.Build.0 = Release|Any CPU
		{E4748727-ABA2-4D10-A557-A3D779840379}.Debug|Any CPU.ActiveCfg = Debug|Any CPU
		{E4748727-ABA2-4D10-A557-A3D779840379}.Debug|Any CPU.Build.0 = Debug|Any CPU
		{E4748727-ABA2-4D10-A557-A3D779840379}.Release|Any CPU.ActiveCfg = Release|Any CPU
		{E4748727-ABA2-4D10-A557-A3D779840379}.Release|Any CPU.Build.0 = Release|Any CPU
		{EC1F3172-18D5-41A9-BC60-F91E251658E5}.Debug|Any CPU.ActiveCfg = Debug|Any CPU
		{EC1F3172-18D5-41A9-BC60-F91E251658E5}.Debug|Any CPU.Build.0 = Debug|Any CPU
		{EC1F3172-18D5-41A9-BC60-F91E251658E5}.Release|Any CPU.ActiveCfg = Release|Any CPU
		{EC1F3172-18D5-41A9-BC60-F91E251658E5}.Release|Any CPU.Build.0 = Release|Any CPU
		{9787DE45-3E49-4064-9239-000D9F69A041}.Debug|Any CPU.ActiveCfg = Debug|Any CPU
		{9787DE45-3E49-4064-9239-000D9F69A041}.Debug|Any CPU.Build.0 = Debug|Any CPU
		{9787DE45-3E49-4064-9239-000D9F69A041}.Release|Any CPU.ActiveCfg = Release|Any CPU
		{9787DE45-3E49-4064-9239-000D9F69A041}.Release|Any CPU.Build.0 = Release|Any CPU
		{39E00A15-9D6E-4AEA-BC2C-5F2EC996B272}.Debug|Any CPU.ActiveCfg = Debug|Any CPU
		{39E00A15-9D6E-4AEA-BC2C-5F2EC996B272}.Debug|Any CPU.Build.0 = Debug|Any CPU
		{39E00A15-9D6E-4AEA-BC2C-5F2EC996B272}.Release|Any CPU.ActiveCfg = Release|Any CPU
		{39E00A15-9D6E-4AEA-BC2C-5F2EC996B272}.Release|Any CPU.Build.0 = Release|Any CPU
	EndGlobalSection
	GlobalSection(SolutionProperties) = preSolution
		HideSolutionNode = FALSE
	EndGlobalSection
	GlobalSection(NestedProjects) = preSolution
		{39E00A15-9D6E-4AEA-BC2C-5F2EC996B272} = {723D82F6-0123-4FB5-9A5D-CFC844BAE1F5}
	EndGlobalSection
	GlobalSection(ExtensibilityGlobals) = postSolution
		SolutionGuid = {57F8B7E3-5EA2-41E1-B13F-B49BE734C424}
	EndGlobalSection
EndGlobal
